github.com/garyburd/redigo v1.6.0 h1:0VruCpn7yAIIu7pWVClQC8wxCJEcG3nyzpMSHKi1PQc=
github.com/garyburd/redigo v1.6.0/go.mod h1:NR3MbYisc3/PwhQ00EMzDiPmrwpPxAn5GI05/YaO1SY=
github.com/inconshreveable/go-update v0.0.0-20160112193335-8152e7eb6ccf h1:WfD7VjIE6z8dIvMsI4/s+1qr5EL+zoIGev1BQj1eoJ8=
github.com/inconshreveable/go-update v0.0.0-20160112193335-8152e7eb6ccf/go.mod h1:hyb9oH7vZsitZCiBt0ZvifOrB+qc8PS5IiilCIb87rg=
